
Microsoft Visual Studio Solution File, Format Version 12.00
# Visual Studio Version 17
VisualStudioVersion = 17.2.32616.157
MinimumVisualStudioVersion = 10.0.40219.1
Project("{FAE04EC0-301F-11D3-BF4B-00C04F79EFBC}") = "ConsolePaswoordenSorteren", "ConsolePaswoordenSorteren\ConsolePaswoordenSorteren.csproj", "{E91BA624-788B-434C-B3DC-A14384B4BB90}"
EndProject
Project("{FAE04EC0-301F-11D3-BF4B-00C04F79EFBC}") = "ConsoleBergbeklimmen", "ConsoleBergbeklimmen\ConsoleBergbeklimmen.csproj", "{4FA52D4C-5398-4FC4-A826-052B7315CC1C}"
EndProject
Project("{FAE04EC0-301F-11D3-BF4B-00C04F79EFBC}") = "ConsoleLotto", "ConsoleLotto\ConsoleLotto.csproj", "{B0A1F38F-1BD9-4224-9F8C-AA77623207DF}"
EndProject
Project("{FAE04EC0-301F-11D3-BF4B-00C04F79EFBC}") = "ConsoleLottoVervolg", "ConsoleLottoVervolg\ConsoleLottoVervolg.csproj", "{384C4F64-51FC-4ED7-BB60-7724AC553C77}"
EndProject
Project("{FAE04EC0-301F-11D3-BF4B-00C04F79EFBC}") = "WpfTodo", "WpfTodo\WpfTodo.csproj", "{765DC716-EAF6-4E37-95AF-1EA560384DF3}"
EndProject
Global
	GlobalSection(SolutionConfigurationPlatforms) = preSolution
		Debug|Any CPU = Debug|Any CPU
		Release|Any CPU = Release|Any CPU
	EndGlobalSection
	GlobalSection(ProjectConfigurationPlatforms) = postSolution
		{E91BA624-788B-434C-B3DC-A14384B4BB90}.Debug|Any CPU.ActiveCfg = Debug|Any CPU
		{E91BA624-788B-434C-B3DC-A14384B4BB90}.Debug|Any CPU.Build.0 = Debug|Any CPU
		{E91BA624-788B-434C-B3DC-A14384B4BB90}.Release|Any CPU.ActiveCfg = Release|Any CPU
		{E91BA624-788B-434C-B3DC-A14384B4BB90}.Release|Any CPU.Build.0 = Release|Any CPU
		{4FA52D4C-5398-4FC4-A826-052B7315CC1C}.Debug|Any CPU.ActiveCfg = Debug|Any CPU
		{4FA52D4C-5398-4FC4-A826-052B7315CC1C}.Debug|Any CPU.Build.0 = Debug|Any CPU
		{4FA52D4C-5398-4FC4-A826-052B7315CC1C}.Release|Any CPU.ActiveCfg = Release|Any CPU
		{4FA52D4C-5398-4FC4-A826-052B7315CC1C}.Release|Any CPU.Build.0 = Release|Any CPU
		{B0A1F38F-1BD9-4224-9F8C-AA77623207DF}.Debug|Any CPU.ActiveCfg = Debug|Any CPU
		{B0A1F38F-1BD9-4224-9F8C-AA77623207DF}.Debug|Any CPU.Build.0 = Debug|Any CPU
		{B0A1F38F-1BD9-4224-9F8C-AA77623207DF}.Release|Any CPU.ActiveCfg = Release|Any CPU
		{B0A1F38F-1BD9-4224-9F8C-AA77623207DF}.Release|Any CPU.Build.0 = Release|Any CPU
		{384C4F64-51FC-4ED7-BB60-7724AC553C77}.Debug|Any CPU.ActiveCfg = Debug|Any CPU
		{384C4F64-51FC-4ED7-BB60-7724AC553C77}.Debug|Any CPU.Build.0 = Debug|Any CPU
		{384C4F64-51FC-4ED7-BB60-7724AC553C77}.Release|Any CPU.ActiveCfg = Release|Any CPU
		{384C4F64-51FC-4ED7-BB60-7724AC553C77}.Release|Any CPU.Build.0 = Release|Any CPU
		{765DC716-EAF6-4E37-95AF-1EA560384DF3}.Debug|Any CPU.ActiveCfg = Debug|Any CPU
		{765DC716-EAF6-4E37-95AF-1EA560384DF3}.Debug|Any CPU.Build.0 = Debug|Any CPU
		{765DC716-EAF6-4E37-95AF-1EA560384DF3}.Release|Any CPU.ActiveCfg = Release|Any CPU
		{765DC716-EAF6-4E37-95AF-1EA560384DF3}.Release|Any CPU.Build.0 = Release|Any CPU
	EndGlobalSection
	GlobalSection(SolutionProperties) = preSolution
		HideSolutionNode = FALSE
	EndGlobalSection
	GlobalSection(ExtensibilityGlobals) = postSolution
		SolutionGuid = {C07E0784-42AE-49B3-AC5A-AE26E064EA22}
	EndGlobalSection
EndGlobal
